// !$*UTF8*$!
{
	archiveVersion = 1;
	classes = {
	};
	objectVersion = 56;
	objects = {

/* Begin PBXBuildFile section */
		114667DA2AF8DC6B00CF984D /* TextFieldTableViewCell.swift in Sources */ = {isa = PBXBuildFile; fileRef = 114667D92AF8DC6B00CF984D /* TextFieldTableViewCell.swift */; };
		114667DD2AF9280D00CF984D /* AuthCellTypes.swift in Sources */ = {isa = PBXBuildFile; fileRef = 114667DC2AF9280D00CF984D /* AuthCellTypes.swift */; };
		114667E02AF92B7800CF984D /* LeftLabelRightSwitchTableViewCell.swift in Sources */ = {isa = PBXBuildFile; fileRef = 114667DF2AF92B7800CF984D /* LeftLabelRightSwitchTableViewCell.swift */; };
		114667E22AF92B9D00CF984D /* ButtonTableViewCell.swift in Sources */ = {isa = PBXBuildFile; fileRef = 114667E12AF92B9D00CF984D /* ButtonTableViewCell.swift */; };
		114667E42AF92D9600CF984D /* AuthTableHeader.swift in Sources */ = {isa = PBXBuildFile; fileRef = 114667E32AF92D9600CF984D /* AuthTableHeader.swift */; };
		114794522ACC795500882D8A /* AppDelegate.swift in Sources */ = {isa = PBXBuildFile; fileRef = 114794512ACC795500882D8A /* AppDelegate.swift */; };
		114794542ACC795500882D8A /* SceneDelegate.swift in Sources */ = {isa = PBXBuildFile; fileRef = 114794532ACC795500882D8A /* SceneDelegate.swift */; };
		1147945B2ACC795500882D8A /* Assets.xcassets in Resources */ = {isa = PBXBuildFile; fileRef = 1147945A2ACC795500882D8A /* Assets.xcassets */; };
		1147945E2ACC795500882D8A /* LaunchScreen.storyboard in Resources */ = {isa = PBXBuildFile; fileRef = 1147945C2ACC795500882D8A /* LaunchScreen.storyboard */; };
		114794682ACC8AFA00882D8A /* View.xib in Resources */ = {isa = PBXBuildFile; fileRef = 114794672ACC8AFA00882D8A /* View.xib */; };
		11BB3E042AF7A35000CF573F /* AuthViewController.swift in Sources */ = {isa = PBXBuildFile; fileRef = 11BB3E032AF7A35000CF573F /* AuthViewController.swift */; };
		11FC0D722B024D470011B665 /* AuthScreenDataModel.swift in Sources */ = {isa = PBXBuildFile; fileRef = 11FC0D712B024D470011B665 /* AuthScreenDataModel.swift */; };
		11FC0DCA2B0290550011B665 /* AuthViewModelProvider.swift in Sources */ = {isa = PBXBuildFile; fileRef = 11FC0DC92B0290550011B665 /* AuthViewModelProvider.swift */; };
/* End PBXBuildFile section */

/* Begin PBXFileReference section */
		114667D92AF8DC6B00CF984D /* TextFieldTableViewCell.swift */ = {isa = PBXFileReference; lastKnownFileType = sourcecode.swift; path = TextFieldTableViewCell.swift; sourceTree = "<group>"; };
		114667DC2AF9280D00CF984D /* AuthCellTypes.swift */ = {isa = PBXFileReference; lastKnownFileType = sourcecode.swift; path = AuthCellTypes.swift; sourceTree = "<group>"; };
		114667DF2AF92B7800CF984D /* LeftLabelRightSwitchTableViewCell.swift */ = {isa = PBXFileReference; lastKnownFileType = sourcecode.swift; path = LeftLabelRightSwitchTableViewCell.swift; sourceTree = "<group>"; };
		114667E12AF92B9D00CF984D /* ButtonTableViewCell.swift */ = {isa = PBXFileReference; lastKnownFileType = sourcecode.swift; path = ButtonTableViewCell.swift; sourceTree = "<group>"; };
		114667E32AF92D9600CF984D /* AuthTableHeader.swift */ = {isa = PBXFileReference; lastKnownFileType = sourcecode.swift; path = AuthTableHeader.swift; sourceTree = "<group>"; };
		1147944E2ACC795500882D8A /* Login Form.app */ = {isa = PBXFileReference; explicitFileType = wrapper.application; includeInIndex = 0; path = "Login Form.app"; sourceTree = BUILT_PRODUCTS_DIR; };
		114794512ACC795500882D8A /* AppDelegate.swift */ = {isa = PBXFileReference; lastKnownFileType = sourcecode.swift; path = AppDelegate.swift; sourceTree = "<group>"; };
		114794532ACC795500882D8A /* SceneDelegate.swift */ = {isa = PBXFileReference; lastKnownFileType = sourcecode.swift; path = SceneDelegate.swift; sourceTree = "<group>"; };
		1147945A2ACC795500882D8A /* Assets.xcassets */ = {isa = PBXFileReference; lastKnownFileType = folder.assetcatalog; path = Assets.xcassets; sourceTree = "<group>"; };
		1147945D2ACC795500882D8A /* Base */ = {isa = PBXFileReference; lastKnownFileType = file.storyboard; name = Base; path = Base.lproj/LaunchScreen.storyboard; sourceTree = "<group>"; };
		1147945F2ACC795500882D8A /* Info.plist */ = {isa = PBXFileReference; lastKnownFileType = text.plist.xml; path = Info.plist; sourceTree = "<group>"; };
		114794672ACC8AFA00882D8A /* View.xib */ = {isa = PBXFileReference; lastKnownFileType = file.xib; path = View.xib; sourceTree = "<group>"; };
		11BB3E032AF7A35000CF573F /* AuthViewController.swift */ = {isa = PBXFileReference; lastKnownFileType = sourcecode.swift; path = AuthViewController.swift; sourceTree = "<group>"; };
		11FC0D712B024D470011B665 /* AuthScreenDataModel.swift */ = {isa = PBXFileReference; lastKnownFileType = sourcecode.swift; path = AuthScreenDataModel.swift; sourceTree = "<group>"; };
		11FC0DC92B0290550011B665 /* AuthViewModelProvider.swift */ = {isa = PBXFileReference; lastKnownFileType = sourcecode.swift; path = AuthViewModelProvider.swift; sourceTree = "<group>"; };
/* End PBXFileReference section */

/* Begin PBXFrameworksBuildPhase section */
		1147944B2ACC795500882D8A /* Frameworks */ = {
			isa = PBXFrameworksBuildPhase;
			buildActionMask = 2147483647;
			files = (
			);
			runOnlyForDeploymentPostprocessing = 0;
		};
/* End PBXFrameworksBuildPhase section */

/* Begin PBXGroup section */
		114667DE2AF92B4600CF984D /* Views */ = {
			isa = PBXGroup;
			children = (
				114667E32AF92D9600CF984D /* AuthTableHeader.swift */,
				114667D92AF8DC6B00CF984D /* TextFieldTableViewCell.swift */,
				114667DF2AF92B7800CF984D /* LeftLabelRightSwitchTableViewCell.swift */,
				114667E12AF92B9D00CF984D /* ButtonTableViewCell.swift */,
			);
			path = Views;
			sourceTree = "<group>";
		};
		114794452ACC795400882D8A = {
			isa = PBXGroup;
			children = (
				114794502ACC795500882D8A /* Login Form */,
				1147944F2ACC795500882D8A /* Products */,
			);
			sourceTree = "<group>";
		};
		1147944F2ACC795500882D8A /* Products */ = {
			isa = PBXGroup;
			children = (
				1147944E2ACC795500882D8A /* Login Form.app */,
			);
			name = Products;
			sourceTree = "<group>";
		};
		114794502ACC795500882D8A /* Login Form */ = {
			isa = PBXGroup;
			children = (
				114794512ACC795500882D8A /* AppDelegate.swift */,
				114794532ACC795500882D8A /* SceneDelegate.swift */,
				11FC0DC62B0288630011B665 /* AuthScreen */,
				1147945A2ACC795500882D8A /* Assets.xcassets */,
				114794672ACC8AFA00882D8A /* View.xib */,
				1147945C2ACC795500882D8A /* LaunchScreen.storyboard */,
				1147945F2ACC795500882D8A /* Info.plist */,
			);
			path = "Login Form";
			sourceTree = "<group>";
		};
		11FC0DC62B0288630011B665 /* AuthScreen */ = {
			isa = PBXGroup;
			children = (
				11BB3E032AF7A35000CF573F /* AuthViewController.swift */,
				11FC0DC92B0290550011B665 /* AuthViewModelProvider.swift */,
				11FC0DC72B028FB10011B665 /* Models */,
				114667DE2AF92B4600CF984D /* Views */,
			);
			path = AuthScreen;
			sourceTree = "<group>";
		};
		11FC0DC72B028FB10011B665 /* Models */ = {
			isa = PBXGroup;
			children = (
				114667DC2AF9280D00CF984D /* AuthCellTypes.swift */,
				11FC0D712B024D470011B665 /* AuthScreenDataModel.swift */,
			);
			path = Models;
			sourceTree = "<group>";
		};
/* End PBXGroup section */

/* Begin PBXNativeTarget section */
		1147944D2ACC795500882D8A /* Login Form */ = {
			isa = PBXNativeTarget;
			buildConfigurationList = 114794622ACC795500882D8A /* Build configuration list for PBXNativeTarget "Login Form" */;
			buildPhases = (
				1147944A2ACC795500882D8A /* Sources */,
				1147944B2ACC795500882D8A /* Frameworks */,
				1147944C2ACC795500882D8A /* Resources */,
			);
			buildRules = (
			);
			dependencies = (
			);
			name = "Login Form";
			productName = "Login Form";
			productReference = 1147944E2ACC795500882D8A /* Login Form.app */;
			productType = "com.apple.product-type.application";
		};
/* End PBXNativeTarget section */

/* Begin PBXProject section */
		114794462ACC795400882D8A /* Project object */ = {
			isa = PBXProject;
			attributes = {
				BuildIndependentTargetsInParallel = 1;
				LastSwiftUpdateCheck = 1420;
				LastUpgradeCheck = 1420;
				TargetAttributes = {
					1147944D2ACC795500882D8A = {
						CreatedOnToolsVersion = 14.2;
					};
				};
			};
			buildConfigurationList = 114794492ACC795400882D8A /* Build configuration list for PBXProject "Login Form" */;
			compatibilityVersion = "Xcode 14.0";
			developmentRegion = en;
			hasScannedForEncodings = 0;
			knownRegions = (
				en,
				Base,
			);
			mainGroup = 114794452ACC795400882D8A;
			productRefGroup = 1147944F2ACC795500882D8A /* Products */;
			projectDirPath = "";
			projectRoot = "";
			targets = (
				1147944D2ACC795500882D8A /* Login Form */,
			);
		};
/* End PBXProject section */

/* Begin PBXResourcesBuildPhase section */
		1147944C2ACC795500882D8A /* Resources */ = {
			isa = PBXResourcesBuildPhase;
			buildActionMask = 2147483647;
			files = (
				1147945E2ACC795500882D8A /* LaunchScreen.storyboard in Resources */,
				114794682ACC8AFA00882D8A /* View.xib in Resources */,
				1147945B2ACC795500882D8A /* Assets.xcassets in Resources */,
			);
			runOnlyForDeploymentPostprocessing = 0;
		};
/* End PBXResourcesBuildPhase section */

/* Begin PBXSourcesBuildPhase section */
		1147944A2ACC795500882D8A /* Sources */ = {
			isa = PBXSourcesBuildPhase;
			buildActionMask = 2147483647;
			files = (
				11BB3E042AF7A35000CF573F /* AuthViewController.swift in Sources */,
				11FC0DCA2B0290550011B665 /* AuthViewModelProvider.swift in Sources */,
				114667DA2AF8DC6B00CF984D /* TextFieldTableViewCell.swift in Sources */,
				11FC0D722B024D470011B665 /* AuthScreenDataModel.swift in Sources */,
				114667E02AF92B7800CF984D /* LeftLabelRightSwitchTableViewCell.swift in Sources */,
				114667E42AF92D9600CF984D /* AuthTableHeader.swift in Sources */,
				114794522ACC795500882D8A /* AppDelegate.swift in Sources */,
				114794542ACC795500882D8A /* SceneDelegate.swift in Sources */,
				114667E22AF92B9D00CF984D /* ButtonTableViewCell.swift in Sources */,
				114667DD2AF9280D00CF984D /* AuthCellTypes.swift in Sources */,
			);
			runOnlyForDeploymentPostprocessing = 0;
		};
/* End PBXSourcesBuildPhase section */

/* Begin PBXVariantGroup section */
		1147945C2ACC795500882D8A /* LaunchScreen.storyboard */ = {
			isa = PBXVariantGroup;
			children = (
				1147945D2ACC795500882D8A /* Base */,
			);
			name = LaunchScreen.storyboard;
			sourceTree = "<group>";
		};
/* End PBXVariantGroup section */

/* Begin XCBuildConfiguration section */
		114794602ACC795500882D8A /* Debug */ = {
			isa = XCBuildConfiguration;
			buildSettings = {
				ALWAYS_SEARCH_USER_PATHS = NO;
				CLANG_ANALYZER_NONNULL = YES;
				CLANG_ANALYZER_NUMBER_OBJECT_CONVERSION = YES_AGGRESSIVE;
				CLANG_CXX_LANGUAGE_STANDARD = "gnu++20";
				CLANG_ENABLE_MODULES = YES;
				CLANG_ENABLE_OBJC_ARC = YES;
				CLANG_ENABLE_OBJC_WEAK = YES;
				CLANG_WARN_BLOCK_CAPTURE_AUTORELEASING = YES;
				CLANG_WARN_BOOL_CONVERSION = YES;
				CLANG_WARN_COMMA = YES;
				CLANG_WARN_CONSTANT_CONVERSION = YES;
				CLANG_WARN_DEPRECATED_OBJC_IMPLEMENTATIONS = YES;
				CLANG_WARN_DIRECT_OBJC_ISA_USAGE = YES_ERROR;
				CLANG_WARN_DOCUMENTATION_COMMENTS = YES;
				CLANG_WARN_EMPTY_BODY = YES;
				CLANG_WARN_ENUM_CONVERSION = YES;
				CLANG_WARN_INFINITE_RECURSION = YES;
				CLANG_WARN_INT_CONVERSION = YES;
				CLANG_WARN_NON_LITERAL_NULL_CONVERSION = YES;
				CLANG_WARN_OBJC_IMPLICIT_RETAIN_SELF = YES;
				CLANG_WARN_OBJC_LITERAL_CONVERSION = YES;
				CLANG_WARN_OBJC_ROOT_CLASS = YES_ERROR;
				CLANG_WARN_QUOTED_INCLUDE_IN_FRAMEWORK_HEADER = YES;
				CLANG_WARN_RANGE_LOOP_ANALYSIS = YES;
				CLANG_WARN_STRICT_PROTOTYPES = YES;
				CLANG_WARN_SUSPICIOUS_MOVE = YES;
				CLANG_WARN_UNGUARDED_AVAILABILITY = YES_AGGRESSIVE;
				CLANG_WARN_UNREACHABLE_CODE = YES;
				CLANG_WARN__DUPLICATE_METHOD_MATCH = YES;
				COPY_PHASE_STRIP = NO;
				DEBUG_INFORMATION_FORMAT = dwarf;
				ENABLE_STRICT_OBJC_MSGSEND = YES;
				ENABLE_TESTABILITY = YES;
				GCC_C_LANGUAGE_STANDARD = gnu11;
				GCC_DYNAMIC_NO_PIC = NO;
				GCC_NO_COMMON_BLOCKS = YES;
				GCC_OPTIMIZATION_LEVEL = 0;
				GCC_PREPROCESSOR_DEFINITIONS = (
					"DEBUG=1",
					"$(inherited)",
				);
				GCC_WARN_64_TO_32_BIT_CONVERSION = YES;
				GCC_WARN_ABOUT_RETURN_TYPE = YES_ERROR;
				GCC_WARN_UNDECLARED_SELECTOR = YES;
				GCC_WARN_UNINITIALIZED_AUTOS = YES_AGGRESSIVE;
				GCC_WARN_UNUSED_FUNCTION = YES;
				GCC_WARN_UNUSED_VARIABLE = YES;
				IPHONEOS_DEPLOYMENT_TARGET = 16.2;
				MTL_ENABLE_DEBUG_INFO = INCLUDE_SOURCE;
				MTL_FAST_MATH = YES;
				ONLY_ACTIVE_ARCH = YES;
				SDKROOT = iphoneos;
				SWIFT_ACTIVE_COMPILATION_CONDITIONS = DEBUG;
				SWIFT_OPTIMIZATION_LEVEL = "-Onone";
			};
			name = Debug;
		};
		114794612ACC795500882D8A /* Release */ = {
			isa = XCBuildConfiguration;
			buildSettings = {
				ALWAYS_SEARCH_USER_PATHS = NO;
				CLANG_ANALYZER_NONNULL = YES;
				CLANG_ANALYZER_NUMBER_OBJECT_CONVERSION = YES_AGGRESSIVE;
				CLANG_CXX_LANGUAGE_STANDARD = "gnu++20";
				CLANG_ENABLE_MODULES = YES;
				CLANG_ENABLE_OBJC_ARC = YES;
				CLANG_ENABLE_OBJC_WEAK = YES;
				CLANG_WARN_BLOCK_CAPTURE_AUTORELEASING = YES;
				CLANG_WARN_BOOL_CONVERSION = YES;
				CLANG_WARN_COMMA = YES;
				CLANG_WARN_CONSTANT_CONVERSION = YES;
				CLANG_WARN_DEPRECATED_OBJC_IMPLEMENTATIONS = YES;
				CLANG_WARN_DIRECT_OBJC_ISA_USAGE = YES_ERROR;
				CLANG_WARN_DOCUMENTATION_COMMENTS = YES;
				CLANG_WARN_EMPTY_BODY = YES;
				CLANG_WARN_ENUM_CONVERSION = YES;
				CLANG_WARN_INFINITE_RECURSION = YES;
				CLANG_WARN_INT_CONVERSION = YES;
				CLANG_WARN_NON_LITERAL_NULL_CONVERSION = YES;
				CLANG_WARN_OBJC_IMPLICIT_RETAIN_SELF = YES;
				CLANG_WARN_OBJC_LITERAL_CONVERSION = YES;
				CLANG_WARN_OBJC_ROOT_CLASS = YES_ERROR;
				CLANG_WARN_QUOTED_INCLUDE_IN_FRAMEWORK_HEADER = YES;
				CLANG_WARN_RANGE_LOOP_ANALYSIS = YES;
				CLANG_WARN_STRICT_PROTOTYPES = YES;
				CLANG_WARN_SUSPICIOUS_MOVE = YES;
				CLANG_WARN_UNGUARDED_AVAILABILITY = YES_AGGRESSIVE;
				CLANG_WARN_UNREACHABLE_CODE = YES;
				CLANG_WARN__DUPLICATE_METHOD_MATCH = YES;
				COPY_PHASE_STRIP = NO;
				DEBUG_INFORMATION_FORMAT = "dwarf-with-dsym";
				ENABLE_NS_ASSERTIONS = NO;
				ENABLE_STRICT_OBJC_MSGSEND = YES;
				GCC_C_LANGUAGE_STANDARD = gnu11;
				GCC_NO_COMMON_BLOCKS = YES;
				GCC_WARN_64_TO_32_BIT_CONVERSION = YES;
				GCC_WARN_ABOUT_RETURN_TYPE = YES_ERROR;
				GCC_WARN_UNDECLARED_SELECTOR = YES;
				GCC_WARN_UNINITIALIZED_AUTOS = YES_AGGRESSIVE;
				GCC_WARN_UNUSED_FUNCTION = YES;
				GCC_WARN_UNUSED_VARIABLE = YES;
				IPHONEOS_DEPLOYMENT_TARGET = 16.2;
				MTL_ENABLE_DEBUG_INFO = NO;
				MTL_FAST_MATH = YES;
				SDKROOT = iphoneos;
				SWIFT_COMPILATION_MODE = wholemodule;
				SWIFT_OPTIMIZATION_LEVEL = "-O";
				VALIDATE_PRODUCT = YES;
			};
			name = Release;
		};
		114794632ACC795500882D8A /* Debug */ = {
			isa = XCBuildConfiguration;
			buildSettings = {
				ASSETCATALOG_COMPILER_APPICON_NAME = AppIcon;
				ASSETCATALOG_COMPILER_GLOBAL_ACCENT_COLOR_NAME = AccentColor;
				CODE_SIGN_STYLE = Automatic;
				CURRENT_PROJECT_VERSION = 1;
				DEVELOPMENT_TEAM = X6C5PD8V7W;
				GENERATE_INFOPLIST_FILE = YES;
				INFOPLIST_FILE = "Login Form/Info.plist";
				INFOPLIST_KEY_UIApplicationSupportsIndirectInputEvents = YES;
				INFOPLIST_KEY_UILaunchStoryboardName = LaunchScreen;
				INFOPLIST_KEY_UISupportedInterfaceOrientations_iPad = "UIInterfaceOrientationPortrait UIInterfaceOrientationPortraitUpsideDown UIInterfaceOrientationLandscapeLeft UIInterfaceOrientationLandscapeRight";
				INFOPLIST_KEY_UISupportedInterfaceOrientations_iPhone = "UIInterfaceOrientationPortrait UIInterfaceOrientationLandscapeLeft UIInterfaceOrientationLandscapeRight";
				IPHONEOS_DEPLOYMENT_TARGET = 13.0;
				LD_RUNPATH_SEARCH_PATHS = (
					"$(inherited)",
					"@executable_path/Frameworks",
				);
				MARKETING_VERSION = 1.0;
				PRODUCT_BUNDLE_IDENTIFIER = "com.natali.Login-Form";
				PRODUCT_NAME = "$(TARGET_NAME)";
				SWIFT_EMIT_LOC_STRINGS = YES;
				SWIFT_VERSION = 5.0;
				TARGETED_DEVICE_FAMILY = "1,2";
			};
			name = Debug;
		};
		114794642ACC795500882D8A /* Release */ = {
			isa = XCBuildConfiguration;
			buildSettings = {
				ASSETCATALOG_COMPILER_APPICON_NAME = AppIcon;
				ASSETCATALOG_COMPILER_GLOBAL_ACCENT_COLOR_NAME = AccentColor;
				CODE_SIGN_STYLE = Automatic;
				CURRENT_PROJECT_VERSION = 1;
				DEVELOPMENT_TEAM = X6C5PD8V7W;
				GENERATE_INFOPLIST_FILE = YES;
				INFOPLIST_FILE = "Login Form/Info.plist";
				INFOPLIST_KEY_UIApplicationSupportsIndirectInputEvents = YES;
				INFOPLIST_KEY_UILaunchStoryboardName = LaunchScreen;
				INFOPLIST_KEY_UISupportedInterfaceOrientations_iPad = "UIInterfaceOrientationPortrait UIInterfaceOrientationPortraitUpsideDown UIInterfaceOrientationLandscapeLeft UIInterfaceOrientationLandscapeRight";
				INFOPLIST_KEY_UISupportedInterfaceOrientations_iPhone = "UIInterfaceOrientationPortrait UIInterfaceOrientationLandscapeLeft UIInterfaceOrientationLandscapeRight";
				IPHONEOS_DEPLOYMENT_TARGET = 13.0;
				LD_RUNPATH_SEARCH_PATHS = (
					"$(inherited)",
					"@executable_path/Frameworks",
				);
				MARKETING_VERSION = 1.0;
				PRODUCT_BUNDLE_IDENTIFIER = "com.natali.Login-Form";
				PRODUCT_NAME = "$(TARGET_NAME)";
				SWIFT_EMIT_LOC_STRINGS = YES;
				SWIFT_VERSION = 5.0;
				TARGETED_DEVICE_FAMILY = "1,2";
			};
			name = Release;
		};
/* End XCBuildConfiguration section */

/* Begin XCConfigurationList section */
		114794492ACC795400882D8A /* Build configuration list for PBXProject "Login Form" */ = {
			isa = XCConfigurationList;
			buildConfigurations = (
				114794602ACC795500882D8A /* Debug */,
				114794612ACC795500882D8A /* Release */,
			);
			defaultConfigurationIsVisible = 0;
			defaultConfigurationName = Release;
		};
		114794622ACC795500882D8A /* Build configuration list for PBXNativeTarget "Login Form" */ = {
			isa = XCConfigurationList;
			buildConfigurations = (
				114794632ACC795500882D8A /* Debug */,
				114794642ACC795500882D8A /* Release */,
			);
			defaultConfigurationIsVisible = 0;
			defaultConfigurationName = Release;
		};
/* End XCConfigurationList section */
	};
	rootObject = 114794462ACC795400882D8A /* Project object */;
}
